
Microsoft Visual Studio Solution File, Format Version 12.00
# Visual Studio Version 17
VisualStudioVersion = 17.10.34916.146
MinimumVisualStudioVersion = 10.0.40219.1
Project("{FAE04EC0-301F-11D3-BF4B-00C04F79EFBC}") = "DoNauki", "DoNauki\DoNauki.csproj", "{27EDA445-8863-484D-A5A0-DD841EB270C1}"
EndProject
Global
	GlobalSection(SolutionConfigurationPlatforms) = preSolution
		Debug|Any CPU = Debug|Any CPU
		Release|Any CPU = Release|Any CPU
	EndGlobalSection
	GlobalSection(ProjectConfigurationPlatforms) = postSolution
		{27EDA445-8863-484D-A5A0-DD841EB270C1}.Debug|Any CPU.ActiveCfg = Debug|Any CPU
		{27EDA445-8863-484D-A5A0-DD841EB270C1}.Debug|Any CPU.Build.0 = Debug|Any CPU
		{27EDA445-8863-484D-A5A0-DD841EB270C1}.Release|Any CPU.ActiveCfg = Release|Any CPU
		{27EDA445-8863-484D-A5A0-DD841EB270C1}.Release|Any CPU.Build.0 = Release|Any CPU
	EndGlobalSection
	GlobalSection(SolutionProperties) = preSolution
		HideSolutionNode = FALSE
	EndGlobalSection
	GlobalSection(ExtensibilityGlobals) = postSolution
		SolutionGuid = {A272BE7A-364A-4F12-930C-1545B5E68076}
	EndGlobalSection
EndGlobal
